
Microsoft Visual Studio Solution File, Format Version 12.00
# Visual Studio Version 16
VisualStudioVersion = 16.0.30114.105
MinimumVisualStudioVersion = 10.0.40219.1
Project("{FAE04EC0-301F-11D3-BF4B-00C04F79EFBC}") = "ProEventos.Application", "ProEventos.Application\ProEventos.Application.csproj", "{9825323D-E485-441C-A03D-2085A0AD4225}"
EndProject
Project("{FAE04EC0-301F-11D3-BF4B-00C04F79EFBC}") = "ProEventos.Domain", "ProEventos.Domain\ProEventos.Domain.csproj", "{97397F4D-23BB-44A0-A07E-2195EB85DD88}"
EndProject
Project("{FAE04EC0-301F-11D3-BF4B-00C04F79EFBC}") = "ProEventos.API", "ProEventos.API\ProEventos.API.csproj", "{50F128B3-BF13-4340-93ED-A908941EA89F}"
EndProject
Project("{FAE04EC0-301F-11D3-BF4B-00C04F79EFBC}") = "ProEventos.Persistence", "ProEventos.Persistence\ProEventos.Persistence.csproj", "{EE3387F6-9AF8-4592-BF64-80A186ED9892}"
EndProject
Global
	GlobalSection(SolutionConfigurationPlatforms) = preSolution
		Debug|Any CPU = Debug|Any CPU
		Debug|x64 = Debug|x64
		Debug|x86 = Debug|x86
		Release|Any CPU = Release|Any CPU
		Release|x64 = Release|x64
		Release|x86 = Release|x86
	EndGlobalSection
	GlobalSection(SolutionProperties) = preSolution
		HideSolutionNode = FALSE
	EndGlobalSection
	GlobalSection(ProjectConfigurationPlatforms) = postSolution
		{9825323D-E485-441C-A03D-2085A0AD4225}.Debug|Any CPU.ActiveCfg = Debug|Any CPU
		{9825323D-E485-441C-A03D-2085A0AD4225}.Debug|Any CPU.Build.0 = Debug|Any CPU
		{9825323D-E485-441C-A03D-2085A0AD4225}.Debug|x64.ActiveCfg = Debug|Any CPU
		{9825323D-E485-441C-A03D-2085A0AD4225}.Debug|x64.Build.0 = Debug|Any CPU
		{9825323D-E485-441C-A03D-2085A0AD4225}.Debug|x86.ActiveCfg = Debug|Any CPU
		{9825323D-E485-441C-A03D-2085A0AD4225}.Debug|x86.Build.0 = Debug|Any CPU
		{9825323D-E485-441C-A03D-2085A0AD4225}.Release|Any CPU.ActiveCfg = Release|Any CPU
		{9825323D-E485-441C-A03D-2085A0AD4225}.Release|Any CPU.Build.0 = Release|Any CPU
		{9825323D-E485-441C-A03D-2085A0AD4225}.Release|x64.ActiveCfg = Release|Any CPU
		{9825323D-E485-441C-A03D-2085A0AD4225}.Release|x64.Build.0 = Release|Any CPU
		{9825323D-E485-441C-A03D-2085A0AD4225}.Release|x86.ActiveCfg = Release|Any CPU
		{9825323D-E485-441C-A03D-2085A0AD4225}.Release|x86.Build.0 = Release|Any CPU
		{97397F4D-23BB-44A0-A07E-2195EB85DD88}.Debug|Any CPU.ActiveCfg = Debug|Any CPU
		{97397F4D-23BB-44A0-A07E-2195EB85DD88}.Debug|Any CPU.Build.0 = Debug|Any CPU
		{97397F4D-23BB-44A0-A07E-2195EB85DD88}.Debug|x64.ActiveCfg = Debug|Any CPU
		{97397F4D-23BB-44A0-A07E-2195EB85DD88}.Debug|x64.Build.0 = Debug|Any CPU
		{97397F4D-23BB-44A0-A07E-2195EB85DD88}.Debug|x86.ActiveCfg = Debug|Any CPU
		{97397F4D-23BB-44A0-A07E-2195EB85DD88}.Debug|x86.Build.0 = Debug|Any CPU
		{97397F4D-23BB-44A0-A07E-2195EB85DD88}.Release|Any CPU.ActiveCfg = Release|Any CPU
		{97397F4D-23BB-44A0-A07E-2195EB85DD88}.Release|Any CPU.Build.0 = Release|Any CPU
		{97397F4D-23BB-44A0-A07E-2195EB85DD88}.Release|x64.ActiveCfg = Release|Any CPU
		{97397F4D-23BB-44A0-A07E-2195EB85DD88}.Release|x64.Build.0 = Release|Any CPU
		{97397F4D-23BB-44A0-A07E-2195EB85DD88}.Release|x86.ActiveCfg = Release|Any CPU
		{97397F4D-23BB-44A0-A07E-2195EB85DD88}.Release|x86.Build.0 = Release|Any CPU
		{50F128B3-BF13-4340-93ED-A908941EA89F}.Debug|Any CPU.ActiveCfg = Debug|Any CPU
		{50F128B3-BF13-4340-93ED-A908941EA89F}.Debug|Any CPU.Build.0 = Debug|Any CPU
		{50F128B3-BF13-4340-93ED-A908941EA89F}.Debug|x64.ActiveCfg = Debug|Any CPU
		{50F128B3-BF13-4340-93ED-A908941EA89F}.Debug|x64.Build.0 = Debug|Any CPU
		{50F128B3-BF13-4340-93ED-A908941EA89F}.Debug|x86.ActiveCfg = Debug|Any CPU
		{50F128B3-BF13-4340-93ED-A908941EA89F}.Debug|x86.Build.0 = Debug|Any CPU
		{50F128B3-BF13-4340-93ED-A908941EA89F}.Release|Any CPU.ActiveCfg = Release|Any CPU
		{50F128B3-BF13-4340-93ED-A908941EA89F}.Release|Any CPU.Build.0 = Release|Any CPU
		{50F128B3-BF13-4340-93ED-A908941EA89F}.Release|x64.ActiveCfg = Release|Any CPU
		{50F128B3-BF13-4340-93ED-A908941EA89F}.Release|x64.Build.0 = Release|Any CPU
		{50F128B3-BF13-4340-93ED-A908941EA89F}.Release|x86.ActiveCfg = Release|Any CPU
		{50F128B3-BF13-4340-93ED-A908941EA89F}.Release|x86.Build.0 = Release|Any CPU
		{EE3387F6-9AF8-4592-BF64-80A186ED9892}.Debug|Any CPU.ActiveCfg = Debug|Any CPU
		{EE3387F6-9AF8-4592-BF64-80A186ED9892}.Debug|Any CPU.Build.0 = Debug|Any CPU
		{EE3387F6-9AF8-4592-BF64-80A186ED9892}.Debug|x64.ActiveCfg = Debug|Any CPU
		{EE3387F6-9AF8-4592-BF64-80A186ED9892}.Debug|x64.Build.0 = Debug|Any CPU
		{EE3387F6-9AF8-4592-BF64-80A186ED9892}.Debug|x86.ActiveCfg = Debug|Any CPU
		{EE3387F6-9AF8-4592-BF64-80A186ED9892}.Debug|x86.Build.0 = Debug|Any CPU
		{EE3387F6-9AF8-4592-BF64-80A186ED9892}.Release|Any CPU.ActiveCfg = Release|Any CPU
		{EE3387F6-9AF8-4592-BF64-80A186ED9892}.Release|Any CPU.Build.0 = Release|Any CPU
		{EE3387F6-9AF8-4592-BF64-80A186ED9892}.Release|x64.ActiveCfg = Release|Any CPU
		{EE3387F6-9AF8-4592-BF64-80A186ED9892}.Release|x64.Build.0 = Release|Any CPU
		{EE3387F6-9AF8-4592-BF64-80A186ED9892}.Release|x86.ActiveCfg = Release|Any CPU
		{EE3387F6-9AF8-4592-BF64-80A186ED9892}.Release|x86.Build.0 = Release|Any CPU
	EndGlobalSection
EndGlobal
